// !$*UTF8*$!
{
	archiveVersion = 1;
	classes = {
	};
	objectVersion = 46;
	objects = {

/* Begin PBXBuildFile section */
		51B53C031F166DB300648B49 /* AppDelegate.swift in Sources */ = {isa = PBXBuildFile; fileRef = 51B53C021F166DB300648B49 /* AppDelegate.swift */; };
		51B53C051F166DB300648B49 /* ViewController.swift in Sources */ = {isa = PBXBuildFile; fileRef = 51B53C041F166DB300648B49 /* ViewController.swift */; };
		51B53C081F166DB300648B49 /* Main.storyboard in Resources */ = {isa = PBXBuildFile; fileRef = 51B53C061F166DB300648B49 /* Main.storyboard */; };
		51B53C0A1F166DB300648B49 /* Assets.xcassets in Resources */ = {isa = PBXBuildFile; fileRef = 51B53C091F166DB300648B49 /* Assets.xcassets */; };
		51B53C0D1F166DB300648B49 /* LaunchScreen.storyboard in Resources */ = {isa = PBXBuildFile; fileRef = 51B53C0B1F166DB300648B49 /* LaunchScreen.storyboard */; };
		51B53C151F1676D800648B49 /* SecondViewController.swift in Sources */ = {isa = PBXBuildFile; fileRef = 51B53C141F1676D800648B49 /* SecondViewController.swift */; };
/* End PBXBuildFile section */

/* Begin PBXFileReference section */
		51B53BFF1F166DB300648B49 /* Bai3_Excercise1.app */ = {isa = PBXFileReference; explicitFileType = wrapper.application; includeInIndex = 0; path = Bai3_Excercise1.app; sourceTree = BUILT_PRODUCTS_DIR; };
		51B53C021F166DB300648B49 /* AppDelegate.swift */ = {isa = PBXFileReference; lastKnownFileType = sourcecode.swift; path = AppDelegate.swift; sourceTree = "<group>"; };
		51B53C041F166DB300648B49 /* ViewController.swift */ = {isa = PBXFileReference; lastKnownFileType = sourcecode.swift; path = ViewController.swift; sourceTree = "<group>"; };
		51B53C071F166DB300648B49 /* Base */ = {isa = PBXFileReference; lastKnownFileType = file.storyboard; name = Base; path = Base.lproj/Main.storyboard; sourceTree = "<group>"; };
		51B53C091F166DB300648B49 /* Assets.xcassets */ = {isa = PBXFileReference; lastKnownFileType = folder.assetcatalog; path = Assets.xcassets; sourceTree = "<group>"; };
		51B53C0C1F166DB300648B49 /* Base */ = {isa = PBXFileReference; lastKnownFileType = file.storyboard; name = Base; path = Base.lproj/LaunchScreen.storyboard; sourceTree = "<group>"; };
		51B53C0E1F166DB300648B49 /* Info.plist */ = {isa = PBXFileReference; lastKnownFileType = text.plist.xml; path = Info.plist; sourceTree = "<group>"; };
		51B53C141F1676D800648B49 /* SecondViewController.swift */ = {isa = PBXFileReference; fileEncoding = 4; lastKnownFileType = sourcecode.swift; path = SecondViewController.swift; sourceTree = "<group>"; };
/* End PBXFileReference section */

/* Begin PBXFrameworksBuildPhase section */
		51B53BFC1F166DB300648B49 /* Frameworks */ = {
			isa = PBXFrameworksBuildPhase;
			buildActionMask = 2147483647;
			files = (
			);
			runOnlyForDeploymentPostprocessing = 0;
		};
/* End PBXFrameworksBuildPhase section */

/* Begin PBXGroup section */
		51B53BF61F166DB300648B49 = {
			isa = PBXGroup;
			children = (
				51B53C011F166DB300648B49 /* Bai3_Excercise1 */,
				51B53C001F166DB300648B49 /* Products */,
			);
			sourceTree = "<group>";
		};
		51B53C001F166DB300648B49 /* Products */ = {
			isa = PBXGroup;
			children = (
				51B53BFF1F166DB300648B49 /* Bai3_Excercise1.app */,
			);
			name = Products;
			sourceTree = "<group>";
		};
		51B53C011F166DB300648B49 /* Bai3_Excercise1 */ = {
			isa = PBXGroup;
			children = (
				51B53C021F166DB300648B49 /* AppDelegate.swift */,
				51B53C041F166DB300648B49 /* ViewController.swift */,
				51B53C061F166DB300648B49 /* Main.storyboard */,
				51B53C091F166DB300648B49 /* Assets.xcassets */,
				51B53C0B1F166DB300648B49 /* LaunchScreen.storyboard */,
				51B53C0E1F166DB300648B49 /* Info.plist */,
				51B53C141F1676D800648B49 /* SecondViewController.swift */,
			);
			path = Bai3_Excercise1;
			sourceTree = "<group>";
		};
/* End PBXGroup section */

/* Begin PBXNativeTarget section */
		51B53BFE1F166DB300648B49 /* Bai3_Excercise1 */ = {
			isa = PBXNativeTarget;
			buildConfigurationList = 51B53C111F166DB300648B49 /* Build configuration list for PBXNativeTarget "Bai3_Excercise1" */;
			buildPhases = (
				51B53BFB1F166DB300648B49 /* Sources */,
				51B53BFC1F166DB300648B49 /* Frameworks */,
				51B53BFD1F166DB300648B49 /* Resources */,
			);
			buildRules = (
			);
			dependencies = (
			);
			name = Bai3_Excercise1;
			productName = Bai3_Excercise1;
			productReference = 51B53BFF1F166DB300648B49 /* Bai3_Excercise1.app */;
			productType = "com.apple.product-type.application";
		};
/* End PBXNativeTarget section */

/* Begin PBXProject section */
		51B53BF71F166DB300648B49 /* Project object */ = {
			isa = PBXProject;
			attributes = {
				LastSwiftUpdateCheck = 0830;
				LastUpgradeCheck = 0830;
				ORGANIZATIONNAME = GMC;
				TargetAttributes = {
					51B53BFE1F166DB300648B49 = {
						CreatedOnToolsVersion = 8.3.3;
						ProvisioningStyle = Automatic;
					};
				};
			};
			buildConfigurationList = 51B53BFA1F166DB300648B49 /* Build configuration list for PBXProject "Bai3_Excercise1" */;
			compatibilityVersion = "Xcode 3.2";
			developmentRegion = English;
			hasScannedForEncodings = 0;
			knownRegions = (
				en,
				Base,
			);
			mainGroup = 51B53BF61F166DB300648B49;
			productRefGroup = 51B53C001F166DB300648B49 /* Products */;
			projectDirPath = "";
			projectRoot = "";
			targets = (
				51B53BFE1F166DB300648B49 /* Bai3_Excercise1 */,
			);
		};
/* End PBXProject section */

/* Begin PBXResourcesBuildPhase section */
		51B53BFD1F166DB300648B49 /* Resources */ = {
			isa = PBXResourcesBuildPhase;
			buildActionMask = 2147483647;
			files = (
				51B53C0D1F166DB300648B49 /* LaunchScreen.storyboard in Resources */,
				51B53C0A1F166DB300648B49 /* Assets.xcassets in Resources */,
				51B53C081F166DB300648B49 /* Main.storyboard in Resources */,
			);
			runOnlyForDeploymentPostprocessing = 0;
		};
/* End PBXResourcesBuildPhase section */

/* Begin PBXSourcesBuildPhase section */
		51B53BFB1F166DB300648B49 /* Sources */ = {
			isa = PBXSourcesBuildPhase;
			buildActionMask = 2147483647;
			files = (
				51B53C151F1676D800648B49 /* SecondViewController.swift in Sources */,
				51B53C051F166DB300648B49 /* ViewController.swift in Sources */,
				51B53C031F166DB300648B49 /* AppDelegate.swift in Sources */,
			);
			runOnlyForDeploymentPostprocessing = 0;
		};
/* End PBXSourcesBuildPhase section */

/* Begin PBXVariantGroup section */
		51B53C061F166DB300648B49 /* Main.storyboard */ = {
			isa = PBXVariantGroup;
			children = (
				51B53C071F166DB300648B49 /* Base */,
			);
			name = Main.storyboard;
			sourceTree = "<group>";
		};
		51B53C0B1F166DB300648B49 /* LaunchScreen.storyboard */ = {
			isa = PBXVariantGroup;
			children = (
				51B53C0C1F166DB300648B49 /* Base */,
			);
			name = LaunchScreen.storyboard;
			sourceTree = "<group>";
		};
/* End PBXVariantGroup section */

/* Begin XCBuildConfiguration section */
		51B53C0F1F166DB300648B49 /* Debug */ = {
			isa = XCBuildConfiguration;
			buildSettings = {
				ALWAYS_SEARCH_USER_PATHS = NO;
				CLANG_ANALYZER_NONNULL = YES;
				CLANG_ANALYZER_NUMBER_OBJECT_CONVERSION = YES_AGGRESSIVE;
				CLANG_CXX_LANGUAGE_STANDARD = "gnu++0x";
				CLANG_CXX_LIBRARY = "libc++";
				CLANG_ENABLE_MODULES = YES;
				CLANG_ENABLE_OBJC_ARC = YES;
				CLANG_WARN_BOOL_CONVERSION = YES;
				CLANG_WARN_CONSTANT_CONVERSION = YES;
				CLANG_WARN_DIRECT_OBJC_ISA_USAGE = YES_ERROR;
				CLANG_WARN_DOCUMENTATION_COMMENTS = YES;
				CLANG_WARN_EMPTY_BODY = YES;
				CLANG_WARN_ENUM_CONVERSION = YES;
				CLANG_WARN_INFINITE_RECURSION = YES;
				CLANG_WARN_INT_CONVERSION = YES;
				CLANG_WARN_OBJC_ROOT_CLASS = YES_ERROR;
				CLANG_WARN_SUSPICIOUS_MOVE = YES;
				CLANG_WARN_UNREACHABLE_CODE = YES;
				CLANG_WARN__DUPLICATE_METHOD_MATCH = YES;
				"CODE_SIGN_IDENTITY[sdk=iphoneos*]" = "iPhone Developer";
				COPY_PHASE_STRIP = NO;
				DEBUG_INFORMATION_FORMAT = dwarf;
				ENABLE_STRICT_OBJC_MSGSEND = YES;
				ENABLE_TESTABILITY = YES;
				GCC_C_LANGUAGE_STANDARD = gnu99;
				GCC_DYNAMIC_NO_PIC = NO;
				GCC_NO_COMMON_BLOCKS = YES;
				GCC_OPTIMIZATION_LEVEL = 0;
				GCC_PREPROCESSOR_DEFINITIONS = (
					"DEBUG=1",
					"$(inherited)",
				);
				GCC_WARN_64_TO_32_BIT_CONVERSION = YES;
				GCC_WARN_ABOUT_RETURN_TYPE = YES_ERROR;
				GCC_WARN_UNDECLARED_SELECTOR = YES;
				GCC_WARN_UNINITIALIZED_AUTOS = YES_AGGRESSIVE;
				GCC_WARN_UNUSED_FUNCTION = YES;
				GCC_WARN_UNUSED_VARIABLE = YES;
				IPHONEOS_DEPLOYMENT_TARGET = 10.3;
				MTL_ENABLE_DEBUG_INFO = YES;
				ONLY_ACTIVE_ARCH = YES;
				SDKROOT = iphoneos;
				SWIFT_ACTIVE_COMPILATION_CONDITIONS = DEBUG;
				SWIFT_OPTIMIZATION_LEVEL = "-Onone";
				TARGETED_DEVICE_FAMILY = "1,2";
			};
			name = Debug;
		};
		51B53C101F166DB300648B49 /* Release */ = {
			isa = XCBuildConfiguration;
			buildSettings = {
				ALWAYS_SEARCH_USER_PATHS = NO;
				CLANG_ANALYZER_NONNULL = YES;
				CLANG_ANALYZER_NUMBER_OBJECT_CONVERSION = YES_AGGRESSIVE;
				CLANG_CXX_LANGUAGE_STANDARD = "gnu++0x";
				CLANG_CXX_LIBRARY = "libc++";
				CLANG_ENABLE_MODULES = YES;
				CLANG_ENABLE_OBJC_ARC = YES;
				CLANG_WARN_BOOL_CONVERSION = YES;
				CLANG_WARN_CONSTANT_CONVERSION = YES;
				CLANG_WARN_DIRECT_OBJC_ISA_USAGE = YES_ERROR;
				CLANG_WARN_DOCUMENTATION_COMMENTS = YES;
				CLANG_WARN_EMPTY_BODY = YES;
				CLANG_WARN_ENUM_CONVERSION = YES;
				CLANG_WARN_INFINITE_RECURSION = YES;
				CLANG_WARN_INT_CONVERSION = YES;
				CLANG_WARN_OBJC_ROOT_CLASS = YES_ERROR;
				CLANG_WARN_SUSPICIOUS_MOVE = YES;
				CLANG_WARN_UNREACHABLE_CODE = YES;
				CLANG_WARN__DUPLICATE_METHOD_MATCH = YES;
				"CODE_SIGN_IDENTITY[sdk=iphoneos*]" = "iPhone Developer";
				COPY_PHASE_STRIP = NO;
				DEBUG_INFORMATION_FORMAT = "dwarf-with-dsym";
				ENABLE_NS_ASSERTIONS = NO;
				ENABLE_STRICT_OBJC_MSGSEND = YES;
				GCC_C_LANGUAGE_STANDARD = gnu99;
				GCC_NO_COMMON_BLOCKS = YES;
				GCC_WARN_64_TO_32_BIT_CONVERSION = YES;
				GCC_WARN_ABOUT_RETURN_TYPE = YES_ERROR;
				GCC_WARN_UNDECLARED_SELECTOR = YES;
				GCC_WARN_UNINITIALIZED_AUTOS = YES_AGGRESSIVE;
				GCC_WARN_UNUSED_FUNCTION = YES;
				GCC_WARN_UNUSED_VARIABLE = YES;
				IPHONEOS_DEPLOYMENT_TARGET = 10.3;
				MTL_ENABLE_DEBUG_INFO = NO;
				SDKROOT = iphoneos;
				SWIFT_OPTIMIZATION_LEVEL = "-Owholemodule";
				TARGETED_DEVICE_FAMILY = "1,2";
				VALIDATE_PRODUCT = YES;
			};
			name = Release;
		};
		51B53C121F166DB300648B49 /* Debug */ = {
			isa = XCBuildConfiguration;
			buildSettings = {
				ASSETCATALOG_COMPILER_APPICON_NAME = AppIcon;
				INFOPLIST_FILE = Bai3_Excercise1/Info.plist;
				LD_RUNPATH_SEARCH_PATHS = "$(inherited) @executable_path/Frameworks";
				PRODUCT_BUNDLE_IDENTIFIER = "com.cuong.ios.Bai3-Excercise1";
				PRODUCT_NAME = "$(TARGET_NAME)";
				SWIFT_VERSION = 3.0;
			};
			name = Debug;
		};
		51B53C131F166DB300648B49 /* Release */ = {
			isa = XCBuildConfiguration;
			buildSettings = {
				ASSETCATALOG_COMPILER_APPICON_NAME = AppIcon;
				INFOPLIST_FILE = Bai3_Excercise1/Info.plist;
				LD_RUNPATH_SEARCH_PATHS = "$(inherited) @executable_path/Frameworks";
				PRODUCT_BUNDLE_IDENTIFIER = "com.cuong.ios.Bai3-Excercise1";
				PRODUCT_NAME = "$(TARGET_NAME)";
				SWIFT_VERSION = 3.0;
			};
			name = Release;
		};
/* End XCBuildConfiguration section */

/* Begin XCConfigurationList section */
		51B53BFA1F166DB300648B49 /* Build configuration list for PBXProject "Bai3_Excercise1" */ = {
			isa = XCConfigurationList;
			buildConfigurations = (
				51B53C0F1F166DB300648B49 /* Debug */,
				51B53C101F166DB300648B49 /* Release */,
			);
			defaultConfigurationIsVisible = 0;
			defaultConfigurationName = Release;
		};
		51B53C111F166DB300648B49 /* Build configuration list for PBXNativeTarget "Bai3_Excercise1" */ = {
			isa = XCConfigurationList;
			buildConfigurations = (
				51B53C121F166DB300648B49 /* Debug */,
				51B53C131F166DB300648B49 /* Release */,
			);
			defaultConfigurationIsVisible = 0;
		};
/* End XCConfigurationList section */
	};
	rootObject = 51B53BF71F166DB300648B49 /* Project object */;
}
