// !$*UTF8*$!
{
	archiveVersion = 1;
	classes = {
	};
	objectVersion = 46;
	objects = {

/* Begin PBXBuildFile section */
		512063F01F19C81700FB87A9 /* AppDelegate.swift in Sources */ = {isa = PBXBuildFile; fileRef = 512063EF1F19C81700FB87A9 /* AppDelegate.swift */; };
		512063F21F19C81700FB87A9 /* ViewController.swift in Sources */ = {isa = PBXBuildFile; fileRef = 512063F11F19C81700FB87A9 /* ViewController.swift */; };
		512063F51F19C81700FB87A9 /* Main.storyboard in Resources */ = {isa = PBXBuildFile; fileRef = 512063F31F19C81700FB87A9 /* Main.storyboard */; };
		512063F71F19C81700FB87A9 /* Assets.xcassets in Resources */ = {isa = PBXBuildFile; fileRef = 512063F61F19C81700FB87A9 /* Assets.xcassets */; };
		512063FA1F19C81700FB87A9 /* LaunchScreen.storyboard in Resources */ = {isa = PBXBuildFile; fileRef = 512063F81F19C81700FB87A9 /* LaunchScreen.storyboard */; };
		51B5FD711F19D3C8000478B0 /* DataSource.swift in Sources */ = {isa = PBXBuildFile; fileRef = 51B5FD701F19D3C8000478B0 /* DataSource.swift */; };
/* End PBXBuildFile section */

/* Begin PBXFileReference section */
		512063EC1F19C81700FB87A9 /* bai6.app */ = {isa = PBXFileReference; explicitFileType = wrapper.application; includeInIndex = 0; path = bai6.app; sourceTree = BUILT_PRODUCTS_DIR; };
		512063EF1F19C81700FB87A9 /* AppDelegate.swift */ = {isa = PBXFileReference; lastKnownFileType = sourcecode.swift; path = AppDelegate.swift; sourceTree = "<group>"; };
		512063F11F19C81700FB87A9 /* ViewController.swift */ = {isa = PBXFileReference; lastKnownFileType = sourcecode.swift; path = ViewController.swift; sourceTree = "<group>"; };
		512063F41F19C81700FB87A9 /* Base */ = {isa = PBXFileReference; lastKnownFileType = file.storyboard; name = Base; path = Base.lproj/Main.storyboard; sourceTree = "<group>"; };
		512063F61F19C81700FB87A9 /* Assets.xcassets */ = {isa = PBXFileReference; lastKnownFileType = folder.assetcatalog; path = Assets.xcassets; sourceTree = "<group>"; };
		512063F91F19C81700FB87A9 /* Base */ = {isa = PBXFileReference; lastKnownFileType = file.storyboard; name = Base; path = Base.lproj/LaunchScreen.storyboard; sourceTree = "<group>"; };
		512063FB1F19C81700FB87A9 /* Info.plist */ = {isa = PBXFileReference; lastKnownFileType = text.plist.xml; path = Info.plist; sourceTree = "<group>"; };
		51B5FD701F19D3C8000478B0 /* DataSource.swift */ = {isa = PBXFileReference; fileEncoding = 4; lastKnownFileType = sourcecode.swift; path = DataSource.swift; sourceTree = "<group>"; };
/* End PBXFileReference section */

/* Begin PBXFrameworksBuildPhase section */
		512063E91F19C81700FB87A9 /* Frameworks */ = {
			isa = PBXFrameworksBuildPhase;
			buildActionMask = 2147483647;
			files = (
			);
			runOnlyForDeploymentPostprocessing = 0;
		};
/* End PBXFrameworksBuildPhase section */

/* Begin PBXGroup section */
		512063E31F19C81700FB87A9 = {
			isa = PBXGroup;
			children = (
				512063EE1F19C81700FB87A9 /* bai6 */,
				512063ED1F19C81700FB87A9 /* Products */,
			);
			sourceTree = "<group>";
		};
		512063ED1F19C81700FB87A9 /* Products */ = {
			isa = PBXGroup;
			children = (
				512063EC1F19C81700FB87A9 /* bai6.app */,
			);
			name = Products;
			sourceTree = "<group>";
		};
		512063EE1F19C81700FB87A9 /* bai6 */ = {
			isa = PBXGroup;
			children = (
				512063EF1F19C81700FB87A9 /* AppDelegate.swift */,
				512063F11F19C81700FB87A9 /* ViewController.swift */,
				512063F31F19C81700FB87A9 /* Main.storyboard */,
				512063F61F19C81700FB87A9 /* Assets.xcassets */,
				512063F81F19C81700FB87A9 /* LaunchScreen.storyboard */,
				512063FB1F19C81700FB87A9 /* Info.plist */,
				51B5FD701F19D3C8000478B0 /* DataSource.swift */,
			);
			path = bai6;
			sourceTree = "<group>";
		};
/* End PBXGroup section */

/* Begin PBXNativeTarget section */
		512063EB1F19C81700FB87A9 /* bai6 */ = {
			isa = PBXNativeTarget;
			buildConfigurationList = 512063FE1F19C81700FB87A9 /* Build configuration list for PBXNativeTarget "bai6" */;
			buildPhases = (
				512063E81F19C81700FB87A9 /* Sources */,
				512063E91F19C81700FB87A9 /* Frameworks */,
				512063EA1F19C81700FB87A9 /* Resources */,
			);
			buildRules = (
			);
			dependencies = (
			);
			name = bai6;
			productName = bai6;
			productReference = 512063EC1F19C81700FB87A9 /* bai6.app */;
			productType = "com.apple.product-type.application";
		};
/* End PBXNativeTarget section */

/* Begin PBXProject section */
		512063E41F19C81700FB87A9 /* Project object */ = {
			isa = PBXProject;
			attributes = {
				LastSwiftUpdateCheck = 0830;
				LastUpgradeCheck = 0830;
				ORGANIZATIONNAME = GMC;
				TargetAttributes = {
					512063EB1F19C81700FB87A9 = {
						CreatedOnToolsVersion = 8.3.3;
						DevelopmentTeam = CM8Z7WD3NH;
						ProvisioningStyle = Automatic;
					};
				};
			};
			buildConfigurationList = 512063E71F19C81700FB87A9 /* Build configuration list for PBXProject "bai6" */;
			compatibilityVersion = "Xcode 3.2";
			developmentRegion = English;
			hasScannedForEncodings = 0;
			knownRegions = (
				en,
				Base,
			);
			mainGroup = 512063E31F19C81700FB87A9;
			productRefGroup = 512063ED1F19C81700FB87A9 /* Products */;
			projectDirPath = "";
			projectRoot = "";
			targets = (
				512063EB1F19C81700FB87A9 /* bai6 */,
			);
		};
/* End PBXProject section */

/* Begin PBXResourcesBuildPhase section */
		512063EA1F19C81700FB87A9 /* Resources */ = {
			isa = PBXResourcesBuildPhase;
			buildActionMask = 2147483647;
			files = (
				512063FA1F19C81700FB87A9 /* LaunchScreen.storyboard in Resources */,
				512063F71F19C81700FB87A9 /* Assets.xcassets in Resources */,
				512063F51F19C81700FB87A9 /* Main.storyboard in Resources */,
			);
			runOnlyForDeploymentPostprocessing = 0;
		};
/* End PBXResourcesBuildPhase section */

/* Begin PBXSourcesBuildPhase section */
		512063E81F19C81700FB87A9 /* Sources */ = {
			isa = PBXSourcesBuildPhase;
			buildActionMask = 2147483647;
			files = (
				51B5FD711F19D3C8000478B0 /* DataSource.swift in Sources */,
				512063F21F19C81700FB87A9 /* ViewController.swift in Sources */,
				512063F01F19C81700FB87A9 /* AppDelegate.swift in Sources */,
			);
			runOnlyForDeploymentPostprocessing = 0;
		};
/* End PBXSourcesBuildPhase section */

/* Begin PBXVariantGroup section */
		512063F31F19C81700FB87A9 /* Main.storyboard */ = {
			isa = PBXVariantGroup;
			children = (
				512063F41F19C81700FB87A9 /* Base */,
			);
			name = Main.storyboard;
			sourceTree = "<group>";
		};
		512063F81F19C81700FB87A9 /* LaunchScreen.storyboard */ = {
			isa = PBXVariantGroup;
			children = (
				512063F91F19C81700FB87A9 /* Base */,
			);
			name = LaunchScreen.storyboard;
			sourceTree = "<group>";
		};
/* End PBXVariantGroup section */

/* Begin XCBuildConfiguration section */
		512063FC1F19C81700FB87A9 /* Debug */ = {
			isa = XCBuildConfiguration;
			buildSettings = {
				ALWAYS_SEARCH_USER_PATHS = NO;
				CLANG_ANALYZER_NONNULL = YES;
				CLANG_ANALYZER_NUMBER_OBJECT_CONVERSION = YES_AGGRESSIVE;
				CLANG_CXX_LANGUAGE_STANDARD = "gnu++0x";
				CLANG_CXX_LIBRARY = "libc++";
				CLANG_ENABLE_MODULES = YES;
				CLANG_ENABLE_OBJC_ARC = YES;
				CLANG_WARN_BOOL_CONVERSION = YES;
				CLANG_WARN_CONSTANT_CONVERSION = YES;
				CLANG_WARN_DIRECT_OBJC_ISA_USAGE = YES_ERROR;
				CLANG_WARN_DOCUMENTATION_COMMENTS = YES;
				CLANG_WARN_EMPTY_BODY = YES;
				CLANG_WARN_ENUM_CONVERSION = YES;
				CLANG_WARN_INFINITE_RECURSION = YES;
				CLANG_WARN_INT_CONVERSION = YES;
				CLANG_WARN_OBJC_ROOT_CLASS = YES_ERROR;
				CLANG_WARN_SUSPICIOUS_MOVE = YES;
				CLANG_WARN_UNREACHABLE_CODE = YES;
				CLANG_WARN__DUPLICATE_METHOD_MATCH = YES;
				"CODE_SIGN_IDENTITY[sdk=iphoneos*]" = "iPhone Developer";
				COPY_PHASE_STRIP = NO;
				DEBUG_INFORMATION_FORMAT = dwarf;
				ENABLE_STRICT_OBJC_MSGSEND = YES;
				ENABLE_TESTABILITY = YES;
				GCC_C_LANGUAGE_STANDARD = gnu99;
				GCC_DYNAMIC_NO_PIC = NO;
				GCC_NO_COMMON_BLOCKS = YES;
				GCC_OPTIMIZATION_LEVEL = 0;
				GCC_PREPROCESSOR_DEFINITIONS = (
					"DEBUG=1",
					"$(inherited)",
				);
				GCC_WARN_64_TO_32_BIT_CONVERSION = YES;
				GCC_WARN_ABOUT_RETURN_TYPE = YES_ERROR;
				GCC_WARN_UNDECLARED_SELECTOR = YES;
				GCC_WARN_UNINITIALIZED_AUTOS = YES_AGGRESSIVE;
				GCC_WARN_UNUSED_FUNCTION = YES;
				GCC_WARN_UNUSED_VARIABLE = YES;
				IPHONEOS_DEPLOYMENT_TARGET = 10.3;
				MTL_ENABLE_DEBUG_INFO = YES;
				ONLY_ACTIVE_ARCH = YES;
				SDKROOT = iphoneos;
				SWIFT_ACTIVE_COMPILATION_CONDITIONS = DEBUG;
				SWIFT_OPTIMIZATION_LEVEL = "-Onone";
			};
			name = Debug;
		};
		512063FD1F19C81700FB87A9 /* Release */ = {
			isa = XCBuildConfiguration;
			buildSettings = {
				ALWAYS_SEARCH_USER_PATHS = NO;
				CLANG_ANALYZER_NONNULL = YES;
				CLANG_ANALYZER_NUMBER_OBJECT_CONVERSION = YES_AGGRESSIVE;
				CLANG_CXX_LANGUAGE_STANDARD = "gnu++0x";
				CLANG_CXX_LIBRARY = "libc++";
				CLANG_ENABLE_MODULES = YES;
				CLANG_ENABLE_OBJC_ARC = YES;
				CLANG_WARN_BOOL_CONVERSION = YES;
				CLANG_WARN_CONSTANT_CONVERSION = YES;
				CLANG_WARN_DIRECT_OBJC_ISA_USAGE = YES_ERROR;
				CLANG_WARN_DOCUMENTATION_COMMENTS = YES;
				CLANG_WARN_EMPTY_BODY = YES;
				CLANG_WARN_ENUM_CONVERSION = YES;
				CLANG_WARN_INFINITE_RECURSION = YES;
				CLANG_WARN_INT_CONVERSION = YES;
				CLANG_WARN_OBJC_ROOT_CLASS = YES_ERROR;
				CLANG_WARN_SUSPICIOUS_MOVE = YES;
				CLANG_WARN_UNREACHABLE_CODE = YES;
				CLANG_WARN__DUPLICATE_METHOD_MATCH = YES;
				"CODE_SIGN_IDENTITY[sdk=iphoneos*]" = "iPhone Developer";
				COPY_PHASE_STRIP = NO;
				DEBUG_INFORMATION_FORMAT = "dwarf-with-dsym";
				ENABLE_NS_ASSERTIONS = NO;
				ENABLE_STRICT_OBJC_MSGSEND = YES;
				GCC_C_LANGUAGE_STANDARD = gnu99;
				GCC_NO_COMMON_BLOCKS = YES;
				GCC_WARN_64_TO_32_BIT_CONVERSION = YES;
				GCC_WARN_ABOUT_RETURN_TYPE = YES_ERROR;
				GCC_WARN_UNDECLARED_SELECTOR = YES;
				GCC_WARN_UNINITIALIZED_AUTOS = YES_AGGRESSIVE;
				GCC_WARN_UNUSED_FUNCTION = YES;
				GCC_WARN_UNUSED_VARIABLE = YES;
				IPHONEOS_DEPLOYMENT_TARGET = 10.3;
				MTL_ENABLE_DEBUG_INFO = NO;
				SDKROOT = iphoneos;
				SWIFT_OPTIMIZATION_LEVEL = "-Owholemodule";
				VALIDATE_PRODUCT = YES;
			};
			name = Release;
		};
		512063FF1F19C81700FB87A9 /* Debug */ = {
			isa = XCBuildConfiguration;
			buildSettings = {
				ASSETCATALOG_COMPILER_APPICON_NAME = AppIcon;
				DEVELOPMENT_TEAM = CM8Z7WD3NH;
				INFOPLIST_FILE = bai6/Info.plist;
				IPHONEOS_DEPLOYMENT_TARGET = 10.0;
				LD_RUNPATH_SEARCH_PATHS = "$(inherited) @executable_path/Frameworks";
				PRODUCT_BUNDLE_IDENTIFIER = com.cuong.ios.bai6;
				PRODUCT_NAME = "$(TARGET_NAME)";
				SWIFT_VERSION = 3.0;
			};
			name = Debug;
		};
		512064001F19C81700FB87A9 /* Release */ = {
			isa = XCBuildConfiguration;
			buildSettings = {
				ASSETCATALOG_COMPILER_APPICON_NAME = AppIcon;
				DEVELOPMENT_TEAM = CM8Z7WD3NH;
				INFOPLIST_FILE = bai6/Info.plist;
				IPHONEOS_DEPLOYMENT_TARGET = 10.0;
				LD_RUNPATH_SEARCH_PATHS = "$(inherited) @executable_path/Frameworks";
				PRODUCT_BUNDLE_IDENTIFIER = com.cuong.ios.bai6;
				PRODUCT_NAME = "$(TARGET_NAME)";
				SWIFT_VERSION = 3.0;
			};
			name = Release;
		};
/* End XCBuildConfiguration section */

/* Begin XCConfigurationList section */
		512063E71F19C81700FB87A9 /* Build configuration list for PBXProject "bai6" */ = {
			isa = XCConfigurationList;
			buildConfigurations = (
				512063FC1F19C81700FB87A9 /* Debug */,
				512063FD1F19C81700FB87A9 /* Release */,
			);
			defaultConfigurationIsVisible = 0;
			defaultConfigurationName = Release;
		};
		512063FE1F19C81700FB87A9 /* Build configuration list for PBXNativeTarget "bai6" */ = {
			isa = XCConfigurationList;
			buildConfigurations = (
				512063FF1F19C81700FB87A9 /* Debug */,
				512064001F19C81700FB87A9 /* Release */,
			);
			defaultConfigurationIsVisible = 0;
			defaultConfigurationName = Release;
		};
/* End XCConfigurationList section */
	};
	rootObject = 512063E41F19C81700FB87A9 /* Project object */;
}
